
Microsoft Visual Studio Solution File, Format Version 12.00
# Visual Studio 15
VisualStudioVersion = 15.0.28010.2019
MinimumVisualStudioVersion = 10.0.40219.1
Project("{FAE04EC0-301F-11D3-BF4B-00C04F79EFBC}") = "HL7Parser.Services", "HL7Parser.Services\HL7Parser.Services.csproj", "{F94679D9-2D26-4557-9305-04E394A3A7DB}"
EndProject
Project("{FAE04EC0-301F-11D3-BF4B-00C04F79EFBC}") = "HL7Parser.Models", "HL7Parser.Models\HL7Parser.Models.csproj", "{C699EDB6-0E16-4E67-B9E6-130DC77FF956}"
EndProject
Project("{FAE04EC0-301F-11D3-BF4B-00C04F79EFBC}") = "HL7Parser.Data", "HL7Parser.Data\HL7Parser.Data.csproj", "{D9E47B50-78F1-43C9-99A2-5BCF4B360C4E}"
EndProject
Project("{FAE04EC0-301F-11D3-BF4B-00C04F79EFBC}") = "HL7Parser.Business", "HL7Parser.Business\HL7Parser.Business.csproj", "{7D167D91-9540-4528-90BF-F2ECD983A029}"
EndProject
Project("{FAE04EC0-301F-11D3-BF4B-00C04F79EFBC}") = "HL7Parser.Batch", "HL7Parser.Batch\HL7Parser.Batch.csproj", "{A56207DD-B41D-482C-808D-1E0A12BDFD31}"
EndProject
Project("{FAE04EC0-301F-11D3-BF4B-00C04F79EFBC}") = "HL7Parser.WebApp", "HL7Parser.WebApp\HL7Parser.WebApp.csproj", "{AE656D27-F267-4F7E-85D0-45B662E4ECC6}"
EndProject
Global
	GlobalSection(SolutionConfigurationPlatforms) = preSolution
		Debug|Any CPU = Debug|Any CPU
		Release|Any CPU = Release|Any CPU
	EndGlobalSection
	GlobalSection(ProjectConfigurationPlatforms) = postSolution
		{F94679D9-2D26-4557-9305-04E394A3A7DB}.Debug|Any CPU.ActiveCfg = Debug|Any CPU
		{F94679D9-2D26-4557-9305-04E394A3A7DB}.Debug|Any CPU.Build.0 = Debug|Any CPU
		{F94679D9-2D26-4557-9305-04E394A3A7DB}.Release|Any CPU.ActiveCfg = Release|Any CPU
		{F94679D9-2D26-4557-9305-04E394A3A7DB}.Release|Any CPU.Build.0 = Release|Any CPU
		{C699EDB6-0E16-4E67-B9E6-130DC77FF956}.Debug|Any CPU.ActiveCfg = Debug|Any CPU
		{C699EDB6-0E16-4E67-B9E6-130DC77FF956}.Debug|Any CPU.Build.0 = Debug|Any CPU
		{C699EDB6-0E16-4E67-B9E6-130DC77FF956}.Release|Any CPU.ActiveCfg = Release|Any CPU
		{C699EDB6-0E16-4E67-B9E6-130DC77FF956}.Release|Any CPU.Build.0 = Release|Any CPU
		{D9E47B50-78F1-43C9-99A2-5BCF4B360C4E}.Debug|Any CPU.ActiveCfg = Debug|Any CPU
		{D9E47B50-78F1-43C9-99A2-5BCF4B360C4E}.Debug|Any CPU.Build.0 = Debug|Any CPU
		{D9E47B50-78F1-43C9-99A2-5BCF4B360C4E}.Release|Any CPU.ActiveCfg = Release|Any CPU
		{D9E47B50-78F1-43C9-99A2-5BCF4B360C4E}.Release|Any CPU.Build.0 = Release|Any CPU
		{7D167D91-9540-4528-90BF-F2ECD983A029}.Debug|Any CPU.ActiveCfg = Debug|Any CPU
		{7D167D91-9540-4528-90BF-F2ECD983A029}.Debug|Any CPU.Build.0 = Debug|Any CPU
		{7D167D91-9540-4528-90BF-F2ECD983A029}.Release|Any CPU.ActiveCfg = Release|Any CPU
		{7D167D91-9540-4528-90BF-F2ECD983A029}.Release|Any CPU.Build.0 = Release|Any CPU
		{A56207DD-B41D-482C-808D-1E0A12BDFD31}.Debug|Any CPU.ActiveCfg = Debug|Any CPU
		{A56207DD-B41D-482C-808D-1E0A12BDFD31}.Debug|Any CPU.Build.0 = Debug|Any CPU
		{A56207DD-B41D-482C-808D-1E0A12BDFD31}.Release|Any CPU.ActiveCfg = Release|Any CPU
		{A56207DD-B41D-482C-808D-1E0A12BDFD31}.Release|Any CPU.Build.0 = Release|Any CPU
		{AE656D27-F267-4F7E-85D0-45B662E4ECC6}.Debug|Any CPU.ActiveCfg = Debug|Any CPU
		{AE656D27-F267-4F7E-85D0-45B662E4ECC6}.Debug|Any CPU.Build.0 = Debug|Any CPU
		{AE656D27-F267-4F7E-85D0-45B662E4ECC6}.Release|Any CPU.ActiveCfg = Release|Any CPU
		{AE656D27-F267-4F7E-85D0-45B662E4ECC6}.Release|Any CPU.Build.0 = Release|Any CPU
	EndGlobalSection
	GlobalSection(SolutionProperties) = preSolution
		HideSolutionNode = FALSE
	EndGlobalSection
	GlobalSection(ExtensibilityGlobals) = postSolution
		SolutionGuid = {8CB26C3F-9F1C-4642-9295-4A43A99F0B60}
	EndGlobalSection
EndGlobal
